{\n  \"name\": \"autonomous-bus-booking\",\n  \"version\": \"1.0.0\",\n  \"lockfileVersion\": 3,\n  \"requires\": true,\n  \"packages\": {\n    \"\": {\n      \"name\": \"autonomous-bus-booking\",\n      \"version\": \"1.0.0\",\n      \"license\": \"ISC\",\n      \"dependencies\": {\n        \"bcryptjs\": \"^2.4.3\",\n        \"cookie-parser\": \"^1.4.5\",\n        \"dotenv\": \"^8.2.0\",\n        \"express\": \"^4.17.1\",\n        \"express-rate-limit\": \"^5.2.6\",\n        \"express-validator\": \"^6.10.0\",\n        \"helmet\": \"^4.6.0\",\n        \"jsonwebtoken\": \"^8.5.1\",\n        \"mongoose\": \"^5.12.3\",\n        \"morgan\": \"^1.10.0\",\n        \"stripe\": \"^8.137.0\"\n      },\n      \"devDependencies\": {\n        \"nodemon\": \"^2.0.7\"\n      }\n    },\n    \"node_modules/@types/bson\": {\n      \"version\": \"4.0.5\",\n      \"resolved\": \"https://registry.npmjs.org/@types/bson/-/bson-4.0.5.tgz\",\n      \"integrity\": \"sha512-vVLwMUqhYJSQ/WKcE60eFqcyuWse5fGH+NMAXHuKrUAPoryq3ATxk5o4bgYNtg5aOM4APVg7Hnb3ASqUYG0PKg==\",\n      \"license\": \"MIT\",\n      \"dependencies\": {\n        \"@types/node\": \"*\"\n      }\n    },\n    \"node_modules/@types/mongodb\": {\n      \"version\": \"3.6.20\",\n      \"resolved\": \"https://registry.npmjs.org/@types/mongodb/-/mongodb-3.6.20.tgz\",\n      \"integrity\": \"sha512-WcdpPJCakFzcWWD9juKoZbRtQxKIMYF/JIAM4JrNHrMcnJL6/a2NWjXxW7fo9hxboxxkg+icff8d7+WIEvKgYQ==\",\n      \"license\": \"MIT\",\n      \"dependencies\": {\n        \"@types/bson\": \"*\",\n        \"@types/node\": \"*\"\n      }\n    },\n    \"node_modules/@types/node\": {\n      \"version\": \"22.13.9\",\n      \"resolved\": \"https://registry.npmjs.org/@types/node/-/node-22.13.9.tgz\",\n      \"integrity\": \"sha512-acBjXdRJ3A6Pb3tqnw9HZmyR3Fiol3aGxRCK1x3d+6CDAMjl7I649wpSd+yNURCjbOUGu9tqtLKnTGxmK6CyGw==\",\n      \"license\": \"MIT\",\n      \"dependencies\": {\n        \"undici-types\": \"~6.20.0\"\n      }\n    },\n    \"node_modules/accepts\": {\n      \"version\": \"1.3.8\",\n      \"resolved\": \"https://registry.npmjs.org/accepts/-/accepts-1.3.8.tgz\",\n      \"integrity\": \"sha512-PYAthTa2m2VKxuvSD3DPC/Gy+U+sOA1LAuT8mkmRuvw+NACSaeXEQ+NHcVF7rONl6qcaxV3Uuemwawk+7+SJLw==\",\n      \"license\": \"MIT\",\n      \"dependencies\": {\n        \"mime-types\": \"~2.1.34\",\n        \"negotiator\": \"0.6.3\"\n      },\n      \"engines\": {\n        \"node\": \">= 0.6\"\n      }\n    },\n    \"node_modules/anymatch\": {\n      \"version\": \"3.1.3\",\n      \"resolved\": \"https://registry.npmjs.org/anymatch/-/anymatch-3.1.3.tgz\",\n      \"integrity\": \"sha512-KMReFUr0B4t+D+OBkjR3KYqvocp2XaSzO55UcB6mgQMd3KbcE+mWTyvVV7D/zsdEbNnV6acZUutkiHQXvTr1Rw==\",\n      \"dev\": true,\n      \"license\": \"ISC\",\n      \"dependencies\": {\n        \"normalize-path\": \"^3.0.0\",\n        \"picomatch\": \"^2.0.4\"\n      },\n      \"engines\": {\n        \"node\": \">= 8\"\n      }\n    },\n    \"node_modules/array-flatten\": {\n      \"version\": \"1.1.1\",\n      \"resolved\": \"https://registry.npmjs.org/array-flatten/-/array-flatten-1.1.1.tgz\",\n      \"integrity\": \"sha512-PCVAQswWemu6UdxsDFFX/+gVeYqKAod3D3UVm91jHwynguOwAvYPhx8nNlM++NqRcK6CxxpUafjmhIdKiHibqg==\",\n      \"license\": \"MIT\"\n    },\n    \"node_modules/balanced-match\": {\n      \"version\": \"1.0.2\",\n      \"resolved\": \"https://registry.npmjs.org/balanced-match/-/balanced-match-1.0.2.tgz\",\n      \"integrity\": \"sha512-3oSeUO0TMV67hN1AmbXsK4yaqU7tjiHlbxRDZOpH0KW9+CeX4bRAaX0Anxt0tx2MrpRpWwQaPwIlISEJhYU5Pw==\",\n      \"dev\": true,\n      \"license\": \"MIT\"\n    },\n    \"node_modules/basic-auth\": {\n      \"version\": \"2.0.1\",\n      \"resolved\": \"https://registry.npmjs.org/basic-auth/-/basic-auth-2.0.1.tgz\",\n      \"integrity\": \"sha512-NF+epuEdnUYVlGuhaxbbq+dvJttwLnGY+YixlXlME5KpQ5W3CnXA5cVTneY3SPbPDRkcjMbifrwmFYcClgOZeg==\",\n      \"license\": \"MIT\",\n      \"dependencies\": {\n        \"safe-buffer\": \"5.1.2\"\n      },\n      \"engines\": {\n        \"node\": \">= 0.8\"\n      }\n    },\n    \"node_modules/bcryptjs\": {\n      \"version\": \"2.4.3\",\n      \"resolved\": \"https://registry.npmjs.org/bcryptjs/-/bcryptjs-2.4.3.tgz\",\n      \"integrity\": \"sha512-V/Hy/X9Vt7f3BbPJEi8BdVFMByHi+jNXrYkW3huaybV/kQ0KJg0Y6PkEMbn+zeT+i+SiKZ/HMqJGIIt4LZDqNQ==\",\n      \"license\": \"MIT\"\n    },\n    \"node_modules/binary-extensions\": {\n      \"version\": \"2.3.0\",\n      \"resolved\": \"https://registry.npmjs.org/binary-extensions/-/binary-extensions-2.3.0.tgz\",\n      \"integrity\": \"sha512-Ceh+7ox5qe7LJuLHoY0feh3pHuUDHAcRUeyL2VYghZwfpkNIy/+8Ocg0a3UuSoYzavmylwuLWQOf3hl0jjMMIw==\",\n      \"dev\": true,\n      \"license\": \"MIT\",\n      \"engines\": {\n        \"node\": \">=8\"\n      },\n      \"funding\": {\n        \"url\": \"https://github.com/sponsors/sindresorhus\"\n      }\n    },\n    \"node_modules/bl\": {\n      \"version\": \"2.2.1\",\n      \"resolved\": \"https://registry.npmjs.org/bl/-/bl-2.2.1.tgz\",\n      \"integrity\": \"sha512-6Pesp1w0DEX1N550i/uGV/TqucVL4AM/pgThFSN/Qq9si1/DF9aIHs1BxD8V/QU0HoeHO6cQRTAuYnLPKq1e4g==\",\n      \"license\": \"MIT\",\n      \"dependencies\": {\n        \"readable-stream\": \"^2.3.5\",\n        \"safe-buffer\": \"^5.1.1\"\n    },\n    \"node_modules/bluebird\": {\n      \"version\": \"3.5.1\",\n      \"resolved\": \"https://registry.npmjs.org/bluebird/-/bluebird-3.5.1.tgz\",\n      \"integrity\": \"sha512-MKiLiV+I1AA596t9w1sQJ8jkiSr5+ZKi0WKrYGUn6d1Fx+Ij4tIj+m2WMQSGczs5jZVxV339chE8iwk6F64wjA==\",\n      \"license\": \"MIT\"\n    },\n    \"node_modules/body-parser\": {\n      \"version\": \"1.20.3\",\n      \"resolved\": \"https://registry.npmjs.org/body-parser/-/body-parser-1.20.3.tgz\",\n      \"integrity\": \"sha512-7rAxByjUMqQ3/bHJy7D6OGXvx/MMc4IqBn/X0fcM1QUcAItpZrBEYhWGem+tzXH90c+G01ypMcYJBO9Y30203g==\",\n      \"license\": \"MIT\",\n      \"dependencies\": {\n        \"bytes\": \"3.1.2\",\n        \"content-type\": \"~1.0.5\",\n        \"debug\": \"2.6.9\",\n        \"depd\": \"2.0.0\",\n        \"destroy\": \"1.2.0\",\n        \"http-errors\": \"2.0.0\",\n        \"iconv-lite\": \"0.4.24\",\n        \"on-finished\": \"2.4.1\",\n        \"qs\": \"6.13.0\",\n        \"raw-body\": \"2.5.2\",\n        \"type-is\": \"~1.6.18\",\n        \"unpipe\": \"1.0.0\"\n      },\n      \"engines\": {\n        \"node\": \">= 0.8\",\n        \"npm\": \"1.2.8000 || >= 1.4.16\"\n      }\n    },\n    \"node_modules/body-parser/node_modules/on-finished\": {\n      \"version\": \"2.4.1\",\n      \"resolved\": \"https://registry.npmjs.org/on-finished/-/on-finished-2.4.1.tgz\",\n      \"integrity\": \"sha512-oVlzkg3ENAhCk2zdv7IJwd/QUD4z2RxRwpkcGY8psCVcCYZNq4wYnVWALHM+brtuJjePWiYF/ClmuDr8Ch5+kg==\",\n      \"license\": \"MIT\",\n      \"dependencies\": {\n        \"ee-first\": \"1.1.1\"\n      },\n      \"engines\": {\n        \"node\": \">= 0.8\"\n      }\n    },\n    \"node_modules/brace-expansion\": {\n      \"version\": \"1.1.11\",\n      \"resolved\": \"https://registry.npmjs.org/brace-expansion/-/brace-expansion-1.1.11.tgz\",\n      \"integrity\": \"sha512-iCuPHDFgrHX7H2vEI/5xpz07zSHB00TpugqhmYtVmMO6518mCuRMoOYFldEBl0g187ufozdaHgWKcYFb61qGiA==\",\n      \"dev\": true,\n      \"license\": \"MIT\",\n      \"dependencies\": {\n        \"balanced-match\": \"^1.0.0\",\n        \"concat-map\": \"0.0.1\"\n      }\n    },\n    \"node_modules/braces\": {\n      \"version\": \"3.0.3\",\n      \"resolved\": \"https://registry.npmjs.org/braces/-/braces-3.0.3.tgz\",\n      \"integrity\": \"sha512-yQbXgO/OSZVD2IsiLlro+7Hf6Q18EJrKSEsdoMzKePKXct3gvD8oLcOQdIzGupr5Fj+EDe8gO/lxc1BzfMpxvA==\",\n      \"dev\": true,\n      \"license\": \"MIT\",\n      \"dependencies\": {\n        \"fill-range\": \"^7.1.1\"\n      },\n      \"engines\": {\n        \"node\": \">=8\"\n      }\n    },\n    \"node_modules/bson\": {\n      \"version\": \"1.1.6\",\n      \"resolved\": \"https://registry.npmjs.org/bson/-/bson-1.1.6.tgz\",\n      \"integrity\": \"sha512-EvVNVeGo4tHxwi8L6bPj3y3itEvStdwvvlojVxxbyYfoaxJ6keLgrTuKdyfEAszFK+H3olzBuafE0yoh0D1gdg==\",\n      \"license\": \"Apache-2.0\",\n      \"engines\": {\n        \"node\": \">=0.6.19\"\n    },\n    \"node_modules/buffer-equal-constant-time\": {\n      \"version\": \"1.0.1\",\n      \"resolved\": \"https://registry.npmjs.org/buffer-equal-constant-time/-/buffer-equal-constant-time-1.0.1.tgz\",\n      \"integrity\": \"sha512-zRpUiDwd/xk6ADqPMATG8vc9VPrkck7T07OIx0gnjmJAnHnTVXNQG3vfvWNuiZIkwu9KrKdA1iJKfsfTVxE6NA==\",\n      \"license\": \"BSD-3-Clause\"\n    },\n    \"node_modules/bytes\": {\n      \"version\": \"3.1.2\",\n      \"resolved\": \"https://registry.npmjs.org/bytes/-/bytes-3.1.2.tgz\",\n      \"integrity\": \"